Microsoft Visual Studio Solution File, Format Version 12.00
# Visual Studio Version 17
VisualStudioVersion = 17.5.2.0
MinimumVisualStudioVersion = 10.0.40219.1
Project("{FAE04EC0-301F-11D3-BF4B-00C04F79EFBC}") = "AskOnline", "AskOnline.csproj", "{D31066F8-52D3-1F69-092D-CC3502B9DCF5}"
EndProject
Global
	GlobalSection(SolutionConfigurationPlatforms) = preSolution
		Debug|Any CPU = Debug|Any CPU
		Release|Any CPU = Release|Any CPU
	EndGlobalSection
	GlobalSection(ProjectConfigurationPlatforms) = postSolution
		{D31066F8-52D3-1F69-092D-CC3502B9DCF5}.Debug|Any CPU.ActiveCfg = Debug|Any CPU
		{D31066F8-52D3-1F69-092D-CC3502B9DCF5}.Debug|Any CPU.Build.0 = Debug|Any CPU
		{D31066F8-52D3-1F69-092D-CC3502B9DCF5}.Release|Any CPU.ActiveCfg = Release|Any CPU
		{D31066F8-52D3-1F69-092D-CC3502B9DCF5}.Release|Any CPU.Build.0 = Release|Any CPU
	EndGlobalSection
	GlobalSection(SolutionProperties) = preSolution
		HideSolutionNode = FALSE
	EndGlobalSection
	GlobalSection(ExtensibilityGlobals) = postSolution
		SolutionGuid = {D5E25987-F1CE-4A7D-9609-EADF06FA56CC}
	EndGlobalSection
EndGlobal
